// !$*UTF8*$!
{
	archiveVersion = 1;
	classes = {
	};
	objectVersion = 51;
	objects = {

/* Begin PBXBuildFile section */
		2016373524978E1D00291257 /* AppDelegate.swift in Sources */ = {isa = PBXBuildFile; fileRef = 2016373424978E1D00291257 /* AppDelegate.swift */; };
		2016373924978E1D00291257 /* ViewController.swift in Sources */ = {isa = PBXBuildFile; fileRef = 2016373824978E1D00291257 /* ViewController.swift */; };
		2016373C24978E1D00291257 /* Main.storyboard in Resources */ = {isa = PBXBuildFile; fileRef = 2016373A24978E1D00291257 /* Main.storyboard */; };
		2016373E24978E1E00291257 /* Assets.xcassets in Resources */ = {isa = PBXBuildFile; fileRef = 2016373D24978E1E00291257 /* Assets.xcassets */; };
		2016374124978E1E00291257 /* LaunchScreen.storyboard in Resources */ = {isa = PBXBuildFile; fileRef = 2016373F24978E1E00291257 /* LaunchScreen.storyboard */; };
		2016374C24978E1E00291257 /* RxSwiftExampleTests.swift in Sources */ = {isa = PBXBuildFile; fileRef = 2016374B24978E1E00291257 /* RxSwiftExampleTests.swift */; };
		2016375724978E1E00291257 /* RxSwiftExampleUITests.swift in Sources */ = {isa = PBXBuildFile; fileRef = 2016375624978E1E00291257 /* RxSwiftExampleUITests.swift */; };
		201637662497907F00291257 /* CounterViewController.swift in Sources */ = {isa = PBXBuildFile; fileRef = 201637652497907F00291257 /* CounterViewController.swift */; };
		201637682497908E00291257 /* Counter.storyboard in Resources */ = {isa = PBXBuildFile; fileRef = 201637672497908E00291257 /* Counter.storyboard */; };
		2016376B2498454500291257 /* GitHubSearch.storyboard in Resources */ = {isa = PBXBuildFile; fileRef = 2016376A2498454500291257 /* GitHubSearch.storyboard */; };
		2016376D2498455600291257 /* GitHubSearchViewController.swift in Sources */ = {isa = PBXBuildFile; fileRef = 2016376C2498455600291257 /* GitHubSearchViewController.swift */; };
		2016376F24985B5B00291257 /* CounterViewModel.swift in Sources */ = {isa = PBXBuildFile; fileRef = 2016376E24985B5B00291257 /* CounterViewModel.swift */; };
		2016377124985CBE00291257 /* GitHubSearchViewModel.swift in Sources */ = {isa = PBXBuildFile; fileRef = 2016377024985CBE00291257 /* GitHubSearchViewModel.swift */; };
		20D15835249B77200028DF30 /* RxDatasourceTable.storyboard in Resources */ = {isa = PBXBuildFile; fileRef = 20D15834249B77200028DF30 /* RxDatasourceTable.storyboard */; };
		20D15837249B77330028DF30 /* RxDatasourceTableViewController.swift in Sources */ = {isa = PBXBuildFile; fileRef = 20D15836249B77330028DF30 /* RxDatasourceTableViewController.swift */; };
		20D15839249B79850028DF30 /* RxDatasourceTableViewModel.swift in Sources */ = {isa = PBXBuildFile; fileRef = 20D15838249B79850028DF30 /* RxDatasourceTableViewModel.swift */; };
		20D1583E249DF7F90028DF30 /* CountCalculator.swift in Sources */ = {isa = PBXBuildFile; fileRef = 20D1583D249DF7F90028DF30 /* CountCalculator.swift */; };
		333ACFD1C00ED79EE9003B05 /* Pods_RxSwiftExample_RxSwiftExampleUITests.framework in Frameworks */ = {isa = PBXBuildFile; fileRef = 5BEE3AC05A220D9BAB8A825C /* Pods_RxSwiftExample_RxSwiftExampleUITests.framework */; };
		5B5F3A22D152E3D75016B691 /* Pods_RxSwiftExample.framework in Frameworks */ = {isa = PBXBuildFile; fileRef = 163C85011865502E08EC277C /* Pods_RxSwiftExample.framework */; };
		984CA6D0DF0209CEDDF821E7 /* Pods_RxSwiftExampleTests.framework in Frameworks */ = {isa = PBXBuildFile; fileRef = 5E42DB379E8B135F195D6658 /* Pods_RxSwiftExampleTests.framework */; };
/* End PBXBuildFile section */

/* Begin PBXContainerItemProxy section */
		2016374824978E1E00291257 /* PBXContainerItemProxy */ = {
			isa = PBXContainerItemProxy;
			containerPortal = 2016372924978E1D00291257 /* Project object */;
			proxyType = 1;
			remoteGlobalIDString = 2016373024978E1D00291257;
			remoteInfo = RxSwiftExample;
		};
		2016375324978E1E00291257 /* PBXContainerItemProxy */ = {
			isa = PBXContainerItemProxy;
			containerPortal = 2016372924978E1D00291257 /* Project object */;
			proxyType = 1;
			remoteGlobalIDString = 2016373024978E1D00291257;
			remoteInfo = RxSwiftExample;
		};
/* End PBXContainerItemProxy section */

/* Begin PBXFileReference section */
		02C7C0589AC25477DA85613B /* Pods-RxSwiftExample-RxSwiftExampleUITests.debug.xcconfig */ = {isa = PBXFileReference; includeInIndex = 1; lastKnownFileType = text.xcconfig; name = "Pods-RxSwiftExample-RxSwiftExampleUITests.debug.xcconfig"; path = "Target Support Files/Pods-RxSwiftExample-RxSwiftExampleUITests/Pods-RxSwiftExample-RxSwiftExampleUITests.debug.xcconfig"; sourceTree = "<group>"; };
		0CE06F05DBAF3BB28E9FA3E4 /* Pods-RxSwiftExample.release.xcconfig */ = {isa = PBXFileReference; includeInIndex = 1; lastKnownFileType = text.xcconfig; name = "Pods-RxSwiftExample.release.xcconfig"; path = "Target Support Files/Pods-RxSwiftExample/Pods-RxSwiftExample.release.xcconfig"; sourceTree = "<group>"; };
		163C85011865502E08EC277C /* Pods_RxSwiftExample.framework */ = {isa = PBXFileReference; explicitFileType = wrapper.framework; includeInIndex = 0; path = Pods_RxSwiftExample.framework; sourceTree = BUILT_PRODUCTS_DIR; };
		2016373124978E1D00291257 /* RxSwiftExample.app */ = {isa = PBXFileReference; explicitFileType = wrapper.application; includeInIndex = 0; path = RxSwiftExample.app; sourceTree = BUILT_PRODUCTS_DIR; };
		2016373424978E1D00291257 /* AppDelegate.swift */ = {isa = PBXFileReference; lastKnownFileType = sourcecode.swift; path = AppDelegate.swift; sourceTree = "<group>"; };
		2016373824978E1D00291257 /* ViewController.swift */ = {isa = PBXFileReference; lastKnownFileType = sourcecode.swift; path = ViewController.swift; sourceTree = "<group>"; };
		2016373B24978E1D00291257 /* Base */ = {isa = PBXFileReference; lastKnownFileType = file.storyboard; name = Base; path = Base.lproj/Main.storyboard; sourceTree = "<group>"; };
		2016373D24978E1E00291257 /* Assets.xcassets */ = {isa = PBXFileReference; lastKnownFileType = folder.assetcatalog; path = Assets.xcassets; sourceTree = "<group>"; };
		2016374024978E1E00291257 /* Base */ = {isa = PBXFileReference; lastKnownFileType = file.storyboard; name = Base; path = Base.lproj/LaunchScreen.storyboard; sourceTree = "<group>"; };
		2016374224978E1E00291257 /* Info.plist */ = {isa = PBXFileReference; lastKnownFileType = text.plist.xml; path = Info.plist; sourceTree = "<group>"; };
		2016374724978E1E00291257 /* RxSwiftExampleTests.xctest */ = {isa = PBXFileReference; explicitFileType = wrapper.cfbundle; includeInIndex = 0; path = RxSwiftExampleTests.xctest; sourceTree = BUILT_PRODUCTS_DIR; };
		2016374B24978E1E00291257 /* RxSwiftExampleTests.swift */ = {isa = PBXFileReference; lastKnownFileType = sourcecode.swift; path = RxSwiftExampleTests.swift; sourceTree = "<group>"; };
		2016374D24978E1E00291257 /* Info.plist */ = {isa = PBXFileReference; lastKnownFileType = text.plist.xml; path = Info.plist; sourceTree = "<group>"; };
		2016375224978E1E00291257 /* RxSwiftExampleUITests.xctest */ = {isa = PBXFileReference; explicitFileType = wrapper.cfbundle; includeInIndex = 0; path = RxSwiftExampleUITests.xctest; sourceTree = BUILT_PRODUCTS_DIR; };
		2016375624978E1E00291257 /* RxSwiftExampleUITests.swift */ = {isa = PBXFileReference; lastKnownFileType = sourcecode.swift; path = RxSwiftExampleUITests.swift; sourceTree = "<group>"; };
		2016375824978E1E00291257 /* Info.plist */ = {isa = PBXFileReference; lastKnownFileType = text.plist.xml; path = Info.plist; sourceTree = "<group>"; };
		201637652497907F00291257 /* CounterViewController.swift */ = {isa = PBXFileReference; lastKnownFileType = sourcecode.swift; path = CounterViewController.swift; sourceTree = "<group>"; };
		201637672497908E00291257 /* Counter.storyboard */ = {isa = PBXFileReference; lastKnownFileType = file.storyboard; path = Counter.storyboard; sourceTree = "<group>"; };
		2016376A2498454500291257 /* GitHubSearch.storyboard */ = {isa = PBXFileReference; lastKnownFileType = file.storyboard; path = GitHubSearch.storyboard; sourceTree = "<group>"; };
		2016376C2498455600291257 /* GitHubSearchViewController.swift */ = {isa = PBXFileReference; lastKnownFileType = sourcecode.swift; path = GitHubSearchViewController.swift; sourceTree = "<group>"; };
		2016376E24985B5B00291257 /* CounterViewModel.swift */ = {isa = PBXFileReference; lastKnownFileType = sourcecode.swift; path = CounterViewModel.swift; sourceTree = "<group>"; };
		2016377024985CBE00291257 /* GitHubSearchViewModel.swift */ = {isa = PBXFileReference; lastKnownFileType = sourcecode.swift; path = GitHubSearchViewModel.swift; sourceTree = "<group>"; };
		20D15834249B77200028DF30 /* RxDatasourceTable.storyboard */ = {isa = PBXFileReference; lastKnownFileType = file.storyboard; path = RxDatasourceTable.storyboard; sourceTree = "<group>"; };
		20D15836249B77330028DF30 /* RxDatasourceTableViewController.swift */ = {isa = PBXFileReference; lastKnownFileType = sourcecode.swift; path = RxDatasourceTableViewController.swift; sourceTree = "<group>"; };
		20D15838249B79850028DF30 /* RxDatasourceTableViewModel.swift */ = {isa = PBXFileReference; lastKnownFileType = sourcecode.swift; path = RxDatasourceTableViewModel.swift; sourceTree = "<group>"; };
		20D1583D249DF7F90028DF30 /* CountCalculator.swift */ = {isa = PBXFileReference; lastKnownFileType = sourcecode.swift; path = CountCalculator.swift; sourceTree = "<group>"; };
		5BEE3AC05A220D9BAB8A825C /* Pods_RxSwiftExample_RxSwiftExampleUITests.framework */ = {isa = PBXFileReference; explicitFileType = wrapper.framework; includeInIndex = 0; path = Pods_RxSwiftExample_RxSwiftExampleUITests.framework; sourceTree = BUILT_PRODUCTS_DIR; };
		5E42DB379E8B135F195D6658 /* Pods_RxSwiftExampleTests.framework */ = {isa = PBXFileReference; explicitFileType = wrapper.framework; includeInIndex = 0; path = Pods_RxSwiftExampleTests.framework; sourceTree = BUILT_PRODUCTS_DIR; };
		A8B08E569ACC3E00AB042DC1 /* Pods-RxSwiftExample-RxSwiftExampleUITests.release.xcconfig */ = {isa = PBXFileReference; includeInIndex = 1; lastKnownFileType = text.xcconfig; name = "Pods-RxSwiftExample-RxSwiftExampleUITests.release.xcconfig"; path = "Target Support Files/Pods-RxSwiftExample-RxSwiftExampleUITests/Pods-RxSwiftExample-RxSwiftExampleUITests.release.xcconfig"; sourceTree = "<group>"; };
		C10D53B0AB1815C91E0E0EED /* Pods-RxSwiftExampleTests.release.xcconfig */ = {isa = PBXFileReference; includeInIndex = 1; lastKnownFileType = text.xcconfig; name = "Pods-RxSwiftExampleTests.release.xcconfig"; path = "Target Support Files/Pods-RxSwiftExampleTests/Pods-RxSwiftExampleTests.release.xcconfig"; sourceTree = "<group>"; };
		DE04DE81E4FF1D5E2F4C85BD /* Pods-RxSwiftExampleTests.debug.xcconfig */ = {isa = PBXFileReference; includeInIndex = 1; lastKnownFileType = text.xcconfig; name = "Pods-RxSwiftExampleTests.debug.xcconfig"; path = "Target Support Files/Pods-RxSwiftExampleTests/Pods-RxSwiftExampleTests.debug.xcconfig"; sourceTree = "<group>"; };
		F52858C4B38AD322EBD83ABE /* Pods-RxSwiftExample.debug.xcconfig */ = {isa = PBXFileReference; includeInIndex = 1; lastKnownFileType = text.xcconfig; name = "Pods-RxSwiftExample.debug.xcconfig"; path = "Target Support Files/Pods-RxSwiftExample/Pods-RxSwiftExample.debug.xcconfig"; sourceTree = "<group>"; };
/* End PBXFileReference section */

/* Begin PBXFrameworksBuildPhase section */
		2016372E24978E1D00291257 /* Frameworks */ = {
			isa = PBXFrameworksBuildPhase;
			buildActionMask = 2147483647;
			files = (
				5B5F3A22D152E3D75016B691 /* Pods_RxSwiftExample.framework in Frameworks */,
			);
			runOnlyForDeploymentPostprocessing = 0;
		};
		2016374424978E1E00291257 /* Frameworks */ = {
			isa = PBXFrameworksBuildPhase;
			buildActionMask = 2147483647;
			files = (
				984CA6D0DF0209CEDDF821E7 /* Pods_RxSwiftExampleTests.framework in Frameworks */,
			);
			runOnlyForDeploymentPostprocessing = 0;
		};
		2016374F24978E1E00291257 /* Frameworks */ = {
			isa = PBXFrameworksBuildPhase;
			buildActionMask = 2147483647;
			files = (
				333ACFD1C00ED79EE9003B05 /* Pods_RxSwiftExample_RxSwiftExampleUITests.framework in Frameworks */,
			);
			runOnlyForDeploymentPostprocessing = 0;
		};
/* End PBXFrameworksBuildPhase section */

/* Begin PBXGroup section */
		2016372824978E1D00291257 = {
			isa = PBXGroup;
			children = (
				2016373324978E1D00291257 /* RxSwiftExample */,
				2016374A24978E1E00291257 /* RxSwiftExampleTests */,
				2016375524978E1E00291257 /* RxSwiftExampleUITests */,
				2016373224978E1D00291257 /* Products */,
				94E9222710B7C6AF62AA04BD /* Pods */,
				A489CD9939F4FFFF998304AA /* Frameworks */,
			);
			sourceTree = "<group>";
		};
		2016373224978E1D00291257 /* Products */ = {
			isa = PBXGroup;
			children = (
				2016373124978E1D00291257 /* RxSwiftExample.app */,
				2016374724978E1E00291257 /* RxSwiftExampleTests.xctest */,
				2016375224978E1E00291257 /* RxSwiftExampleUITests.xctest */,
			);
			name = Products;
			sourceTree = "<group>";
		};
		2016373324978E1D00291257 /* RxSwiftExample */ = {
			isa = PBXGroup;
			children = (
				20D15833249B77060028DF30 /* RxDatasourceTable */,
				20163769249843E800291257 /* GitHubSearch */,
				201637642497900600291257 /* Counter */,
				2016373424978E1D00291257 /* AppDelegate.swift */,
				2016373824978E1D00291257 /* ViewController.swift */,
				2016373A24978E1D00291257 /* Main.storyboard */,
				2016373D24978E1E00291257 /* Assets.xcassets */,
				2016373F24978E1E00291257 /* LaunchScreen.storyboard */,
				2016374224978E1E00291257 /* Info.plist */,
			);
			path = RxSwiftExample;
			sourceTree = "<group>";
		};
		2016374A24978E1E00291257 /* RxSwiftExampleTests */ = {
			isa = PBXGroup;
			children = (
				2016374B24978E1E00291257 /* RxSwiftExampleTests.swift */,
				2016374D24978E1E00291257 /* Info.plist */,
			);
			path = RxSwiftExampleTests;
			sourceTree = "<group>";
		};
		2016375524978E1E00291257 /* RxSwiftExampleUITests */ = {
			isa = PBXGroup;
			children = (
				2016375624978E1E00291257 /* RxSwiftExampleUITests.swift */,
				2016375824978E1E00291257 /* Info.plist */,
			);
			path = RxSwiftExampleUITests;
			sourceTree = "<group>";
		};
		201637642497900600291257 /* Counter */ = {
			isa = PBXGroup;
			children = (
				201637652497907F00291257 /* CounterViewController.swift */,
				201637672497908E00291257 /* Counter.storyboard */,
				2016376E24985B5B00291257 /* CounterViewModel.swift */,
				20D1583D249DF7F90028DF30 /* CountCalculator.swift */,
			);
			path = Counter;
			sourceTree = "<group>";
		};
		20163769249843E800291257 /* GitHubSearch */ = {
			isa = PBXGroup;
			children = (
				2016376A2498454500291257 /* GitHubSearch.storyboard */,
				2016376C2498455600291257 /* GitHubSearchViewController.swift */,
				2016377024985CBE00291257 /* GitHubSearchViewModel.swift */,
			);
			path = GitHubSearch;
			sourceTree = "<group>";
		};
		20D15833249B77060028DF30 /* RxDatasourceTable */ = {
			isa = PBXGroup;
			children = (
				20D15834249B77200028DF30 /* RxDatasourceTable.storyboard */,
				20D15836249B77330028DF30 /* RxDatasourceTableViewController.swift */,
				20D15838249B79850028DF30 /* RxDatasourceTableViewModel.swift */,
			);
			path = RxDatasourceTable;
			sourceTree = "<group>";
		};
		94E9222710B7C6AF62AA04BD /* Pods */ = {
			isa = PBXGroup;
			children = (
				F52858C4B38AD322EBD83ABE /* Pods-RxSwiftExample.debug.xcconfig */,
				0CE06F05DBAF3BB28E9FA3E4 /* Pods-RxSwiftExample.release.xcconfig */,
				02C7C0589AC25477DA85613B /* Pods-RxSwiftExample-RxSwiftExampleUITests.debug.xcconfig */,
				A8B08E569ACC3E00AB042DC1 /* Pods-RxSwiftExample-RxSwiftExampleUITests.release.xcconfig */,
				DE04DE81E4FF1D5E2F4C85BD /* Pods-RxSwiftExampleTests.debug.xcconfig */,
				C10D53B0AB1815C91E0E0EED /* Pods-RxSwiftExampleTests.release.xcconfig */,
			);
			path = Pods;
			sourceTree = "<group>";
		};
		A489CD9939F4FFFF998304AA /* Frameworks */ = {
			isa = PBXGroup;
			children = (
				163C85011865502E08EC277C /* Pods_RxSwiftExample.framework */,
				5BEE3AC05A220D9BAB8A825C /* Pods_RxSwiftExample_RxSwiftExampleUITests.framework */,
				5E42DB379E8B135F195D6658 /* Pods_RxSwiftExampleTests.framework */,
			);
			name = Frameworks;
			sourceTree = "<group>";
		};
/* End PBXGroup section */

/* Begin PBXNativeTarget section */
		2016373024978E1D00291257 /* RxSwiftExample */ = {
			isa = PBXNativeTarget;
			buildConfigurationList = 2016375B24978E1E00291257 /* Build configuration list for PBXNativeTarget "RxSwiftExample" */;
			buildPhases = (
				4208C2F55C58DB4F187C5B9C /* [CP] Check Pods Manifest.lock */,
				2016372D24978E1D00291257 /* Sources */,
				2016372E24978E1D00291257 /* Frameworks */,
				2016372F24978E1D00291257 /* Resources */,
				3F1A88D3B99125A09213D12E /* [CP] Embed Pods Frameworks */,
			);
			buildRules = (
			);
			dependencies = (
			);
			name = RxSwiftExample;
			productName = RxSwiftExample;
			productReference = 2016373124978E1D00291257 /* RxSwiftExample.app */;
			productType = "com.apple.product-type.application";
		};
		2016374624978E1E00291257 /* RxSwiftExampleTests */ = {
			isa = PBXNativeTarget;
			buildConfigurationList = 2016375E24978E1E00291257 /* Build configuration list for PBXNativeTarget "RxSwiftExampleTests" */;
			buildPhases = (
				0C9E9A98EFA03CBC7D5DC8DA /* [CP] Check Pods Manifest.lock */,
				2016374324978E1E00291257 /* Sources */,
				2016374424978E1E00291257 /* Frameworks */,
				2016374524978E1E00291257 /* Resources */,
			);
			buildRules = (
			);
			dependencies = (
				2016374924978E1E00291257 /* PBXTargetDependency */,
			);
			name = RxSwiftExampleTests;
			productName = RxSwiftExampleTests;
			productReference = 2016374724978E1E00291257 /* RxSwiftExampleTests.xctest */;
			productType = "com.apple.product-type.bundle.unit-test";
		};
		2016375124978E1E00291257 /* RxSwiftExampleUITests */ = {
			isa = PBXNativeTarget;
			buildConfigurationList = 2016376124978E1E00291257 /* Build configuration list for PBXNativeTarget "RxSwiftExampleUITests" */;
			buildPhases = (
				860F464697FC250DF640A160 /* [CP] Check Pods Manifest.lock */,
				2016374E24978E1E00291257 /* Sources */,
				2016374F24978E1E00291257 /* Frameworks */,
				2016375024978E1E00291257 /* Resources */,
				440D9A5C5A77D54C86CC17FB /* [CP] Embed Pods Frameworks */,
			);
			buildRules = (
			);
			dependencies = (
				2016375424978E1E00291257 /* PBXTargetDependency */,
			);
			name = RxSwiftExampleUITests;
			productName = RxSwiftExampleUITests;
			productReference = 2016375224978E1E00291257 /* RxSwiftExampleUITests.xctest */;
			productType = "com.apple.product-type.bundle.ui-testing";
		};
/* End PBXNativeTarget section */

/* Begin PBXProject section */
		2016372924978E1D00291257 /* Project object */ = {
			isa = PBXProject;
			attributes = {
				LastSwiftUpdateCheck = 1150;
				LastUpgradeCheck = 1150;
				ORGANIZATIONNAME = mycompany;
				TargetAttributes = {
					2016373024978E1D00291257 = {
						CreatedOnToolsVersion = 11.5;
					};
					2016374624978E1E00291257 = {
						CreatedOnToolsVersion = 11.5;
						TestTargetID = 2016373024978E1D00291257;
					};
					2016375124978E1E00291257 = {
						CreatedOnToolsVersion = 11.5;
						TestTargetID = 2016373024978E1D00291257;
					};
				};
			};
			buildConfigurationList = 2016372C24978E1D00291257 /* Build configuration list for PBXProject "RxSwiftExample" */;
			compatibilityVersion = "Xcode 9.3";
			developmentRegion = en;
			hasScannedForEncodings = 0;
			knownRegions = (
				en,
				Base,
			);
			mainGroup = 2016372824978E1D00291257;
			productRefGroup = 2016373224978E1D00291257 /* Products */;
			projectDirPath = "";
			projectRoot = "";
			targets = (
				2016373024978E1D00291257 /* RxSwiftExample */,
				2016374624978E1E00291257 /* RxSwiftExampleTests */,
				2016375124978E1E00291257 /* RxSwiftExampleUITests */,
			);
		};
/* End PBXProject section */

/* Begin PBXResourcesBuildPhase section */
		2016372F24978E1D00291257 /* Resources */ = {
			isa = PBXResourcesBuildPhase;
			buildActionMask = 2147483647;
			files = (
				20D15835249B77200028DF30 /* RxDatasourceTable.storyboard in Resources */,
				2016374124978E1E00291257 /* LaunchScreen.storyboard in Resources */,
				201637682497908E00291257 /* Counter.storyboard in Resources */,
				2016373E24978E1E00291257 /* Assets.xcassets in Resources */,
				2016373C24978E1D00291257 /* Main.storyboard in Resources */,
				2016376B2498454500291257 /* GitHubSearch.storyboard in Resources */,
			);
			runOnlyForDeploymentPostprocessing = 0;
		};
		2016374524978E1E00291257 /* Resources */ = {
			isa = PBXResourcesBuildPhase;
			buildActionMask = 2147483647;
			files = (
			);
			runOnlyForDeploymentPostprocessing = 0;
		};
		2016375024978E1E00291257 /* Resources */ = {
			isa = PBXResourcesBuildPhase;
			buildActionMask = 2147483647;
			files = (
			);
			runOnlyForDeploymentPostprocessing = 0;
		};
/* End PBXResourcesBuildPhase section */

/* Begin PBXShellScriptBuildPhase section */
		0C9E9A98EFA03CBC7D5DC8DA /* [CP] Check Pods Manifest.lock */ = {
			isa = PBXShellScriptBuildPhase;
			buildActionMask = 2147483647;
			files = (
			);
			inputFileListPaths = (
			);
			inputPaths = (
				"${PODS_PODFILE_DIR_PATH}/Podfile.lock",
				"${PODS_ROOT}/Manifest.lock",
			);
			name = "[CP] Check Pods Manifest.lock";
			outputFileListPaths = (
			);
			outputPaths = (
				"$(DERIVED_FILE_DIR)/Pods-RxSwiftExampleTests-checkManifestLockResult.txt",
			);
			runOnlyForDeploymentPostprocessing = 0;
			shellPath = /bin/sh;
			shellScript = "diff \"${PODS_PODFILE_DIR_PATH}/Podfile.lock\" \"${PODS_ROOT}/Manifest.lock\" > /dev/null\nif [ $? != 0 ] ; then\n    # print error to STDERR\n    echo \"error: The sandbox is not in sync with the Podfile.lock. Run 'pod install' or update your CocoaPods installation.\" >&2\n    exit 1\nfi\n# This output is used by Xcode 'outputs' to avoid re-running this script phase.\necho \"SUCCESS\" > \"${SCRIPT_OUTPUT_FILE_0}\"\n";
			showEnvVarsInLog = 0;
		};
		3F1A88D3B99125A09213D12E /* [CP] Embed Pods Frameworks */ = {
			isa = PBXShellScriptBuildPhase;
			buildActionMask = 2147483647;
			files = (
			);
			inputFileListPaths = (
				"${PODS_ROOT}/Target Support Files/Pods-RxSwiftExample/Pods-RxSwiftExample-frameworks-${CONFIGURATION}-input-files.xcfilelist",
			);
			name = "[CP] Embed Pods Frameworks";
			outputFileListPaths = (
				"${PODS_ROOT}/Target Support Files/Pods-RxSwiftExample/Pods-RxSwiftExample-frameworks-${CONFIGURATION}-output-files.xcfilelist",
			);
			runOnlyForDeploymentPostprocessing = 0;
			shellPath = /bin/sh;
			shellScript = "\"${PODS_ROOT}/Target Support Files/Pods-RxSwiftExample/Pods-RxSwiftExample-frameworks.sh\"\n";
			showEnvVarsInLog = 0;
		};
		4208C2F55C58DB4F187C5B9C /* [CP] Check Pods Manifest.lock */ = {
			isa = PBXShellScriptBuildPhase;
			buildActionMask = 2147483647;
			files = (
			);
			inputFileListPaths = (
			);
			inputPaths = (
				"${PODS_PODFILE_DIR_PATH}/Podfile.lock",
				"${PODS_ROOT}/Manifest.lock",
			);
			name = "[CP] Check Pods Manifest.lock";
			outputFileListPaths = (
			);
			outputPaths = (
				"$(DERIVED_FILE_DIR)/Pods-RxSwiftExample-checkManifestLockResult.txt",
			);
			runOnlyForDeploymentPostprocessing = 0;
			shellPath = /bin/sh;
			shellScript = "diff \"${PODS_PODFILE_DIR_PATH}/Podfile.lock\" \"${PODS_ROOT}/Manifest.lock\" > /dev/null\nif [ $? != 0 ] ; then\n    # print error to STDERR\n    echo \"error: The sandbox is not in sync with the Podfile.lock. Run 'pod install' or update your CocoaPods installation.\" >&2\n    exit 1\nfi\n# This output is used by Xcode 'outputs' to avoid re-running this script phase.\necho \"SUCCESS\" > \"${SCRIPT_OUTPUT_FILE_0}\"\n";
			showEnvVarsInLog = 0;
		};
		440D9A5C5A77D54C86CC17FB /* [CP] Embed Pods Frameworks */ = {
			isa = PBXShellScriptBuildPhase;
			buildActionMask = 2147483647;
			files = (
			);
			inputFileListPaths = (
				"${PODS_ROOT}/Target Support Files/Pods-RxSwiftExample-RxSwiftExampleUITests/Pods-RxSwiftExample-RxSwiftExampleUITests-frameworks-${CONFIGURATION}-input-files.xcfilelist",
			);
			name = "[CP] Embed Pods Frameworks";
			outputFileListPaths = (
				"${PODS_ROOT}/Target Support Files/Pods-RxSwiftExample-RxSwiftExampleUITests/Pods-RxSwiftExample-RxSwiftExampleUITests-frameworks-${CONFIGURATION}-output-files.xcfilelist",
			);
			runOnlyForDeploymentPostprocessing = 0;
			shellPath = /bin/sh;
			shellScript = "\"${PODS_ROOT}/Target Support Files/Pods-RxSwiftExample-RxSwiftExampleUITests/Pods-RxSwiftExample-RxSwiftExampleUITests-frameworks.sh\"\n";
			showEnvVarsInLog = 0;
		};
		860F464697FC250DF640A160 /* [CP] Check Pods Manifest.lock */ = {
			isa = PBXShellScriptBuildPhase;
			buildActionMask = 2147483647;
			files = (
			);
			inputFileListPaths = (
			);
			inputPaths = (
				"${PODS_PODFILE_DIR_PATH}/Podfile.lock",
				"${PODS_ROOT}/Manifest.lock",
			);
			name = "[CP] Check Pods Manifest.lock";
			outputFileListPaths = (
			);
			outputPaths = (
				"$(DERIVED_FILE_DIR)/Pods-RxSwiftExample-RxSwiftExampleUITests-checkManifestLockResult.txt",
			);
			runOnlyForDeploymentPostprocessing = 0;
			shellPath = /bin/sh;
			shellScript = "diff \"${PODS_PODFILE_DIR_PATH}/Podfile.lock\" \"${PODS_ROOT}/Manifest.lock\" > /dev/null\nif [ $? != 0 ] ; then\n    # print error to STDERR\n    echo \"error: The sandbox is not in sync with the Podfile.lock. Run 'pod install' or update your CocoaPods installation.\" >&2\n    exit 1\nfi\n# This output is used by Xcode 'outputs' to avoid re-running this script phase.\necho \"SUCCESS\" > \"${SCRIPT_OUTPUT_FILE_0}\"\n";
			showEnvVarsInLog = 0;
		};
/* End PBXShellScriptBuildPhase section */

/* Begin PBXSourcesBuildPhase section */
		2016372D24978E1D00291257 /* Sources */ = {
			isa = PBXSourcesBuildPhase;
			buildActionMask = 2147483647;
			files = (
				20D15837249B77330028DF30 /* RxDatasourceTableViewController.swift in Sources */,
				2016373924978E1D00291257 /* ViewController.swift in Sources */,
				201637662497907F00291257 /* CounterViewController.swift in Sources */,
				2016376D2498455600291257 /* GitHubSearchViewController.swift in Sources */,
				2016377124985CBE00291257 /* GitHubSearchViewModel.swift in Sources */,
				20D1583E249DF7F90028DF30 /* CountCalculator.swift in Sources */,
				20D15839249B79850028DF30 /* RxDatasourceTableViewModel.swift in Sources */,
				2016373524978E1D00291257 /* AppDelegate.swift in Sources */,
				2016376F24985B5B00291257 /* CounterViewModel.swift in Sources */,
			);
			runOnlyForDeploymentPostprocessing = 0;
		};
		2016374324978E1E00291257 /* Sources */ = {
			isa = PBXSourcesBuildPhase;
			buildActionMask = 2147483647;
			files = (
				2016374C24978E1E00291257 /* RxSwiftExampleTests.swift in Sources */,
			);
			runOnlyForDeploymentPostprocessing = 0;
		};
		2016374E24978E1E00291257 /* Sources */ = {
			isa = PBXSourcesBuildPhase;
			buildActionMask = 2147483647;
			files = (
				2016375724978E1E00291257 /* RxSwiftExampleUITests.swift in Sources */,
			);
			runOnlyForDeploymentPostprocessing = 0;
		};
/* End PBXSourcesBuildPhase section */

/* Begin PBXTargetDependency section */
		2016374924978E1E00291257 /* PBXTargetDependency */ = {
			isa = PBXTargetDependency;
			target = 2016373024978E1D00291257 /* RxSwiftExample */;
			targetProxy = 2016374824978E1E00291257 /* PBXContainerItemProxy */;
		};
		2016375424978E1E00291257 /* PBXTargetDependency */ = {
			isa = PBXTargetDependency;
			target = 2016373024978E1D00291257 /* RxSwiftExample */;
			targetProxy = 2016375324978E1E00291257 /* PBXContainerItemProxy */;
		};
/* End PBXTargetDependency section */

/* Begin PBXVariantGroup section */
		2016373A24978E1D00291257 /* Main.storyboard */ = {
			isa = PBXVariantGroup;
			children = (
				2016373B24978E1D00291257 /* Base */,
			);
			name = Main.storyboard;
			sourceTree = "<group>";
		};
		2016373F24978E1E00291257 /* LaunchScreen.storyboard */ = {
			isa = PBXVariantGroup;
			children = (
				2016374024978E1E00291257 /* Base */,
			);
			name = LaunchScreen.storyboard;
			sourceTree = "<group>";
		};
/* End PBXVariantGroup section */

/* Begin XCBuildConfiguration section */
		2016375924978E1E00291257 /* Debug */ = {
			isa = XCBuildConfiguration;
			buildSettings = {
				ALWAYS_SEARCH_USER_PATHS = NO;
				CLANG_ANALYZER_NONNULL = YES;
				CLANG_ANALYZER_NUMBER_OBJECT_CONVERSION = YES_AGGRESSIVE;
				CLANG_CXX_LANGUAGE_STANDARD = "gnu++14";
				CLANG_CXX_LIBRARY = "libc++";
				CLANG_ENABLE_MODULES = YES;
				CLANG_ENABLE_OBJC_ARC = YES;
				CLANG_ENABLE_OBJC_WEAK = YES;
				CLANG_WARN_BLOCK_CAPTURE_AUTORELEASING = YES;
				CLANG_WARN_BOOL_CONVERSION = YES;
				CLANG_WARN_COMMA = YES;
				CLANG_WARN_CONSTANT_CONVERSION = YES;
				CLANG_WARN_DEPRECATED_OBJC_IMPLEMENTATIONS = YES;
				CLANG_WARN_DIRECT_OBJC_ISA_USAGE = YES_ERROR;
				CLANG_WARN_DOCUMENTATION_COMMENTS = YES;
				CLANG_WARN_EMPTY_BODY = YES;
				CLANG_WARN_ENUM_CONVERSION = YES;
				CLANG_WARN_INFINITE_RECURSION = YES;
				CLANG_WARN_INT_CONVERSION = YES;
				CLANG_WARN_NON_LITERAL_NULL_CONVERSION = YES;
				CLANG_WARN_OBJC_IMPLICIT_RETAIN_SELF = YES;
				CLANG_WARN_OBJC_LITERAL_CONVERSION = YES;
				CLANG_WARN_OBJC_ROOT_CLASS = YES_ERROR;
				CLANG_WARN_RANGE_LOOP_ANALYSIS = YES;
				CLANG_WARN_STRICT_PROTOTYPES = YES;
				CLANG_WARN_SUSPICIOUS_MOVE = YES;
				CLANG_WARN_UNGUARDED_AVAILABILITY = YES_AGGRESSIVE;
				CLANG_WARN_UNREACHABLE_CODE = YES;
				CLANG_WARN__DUPLICATE_METHOD_MATCH = YES;
				COPY_PHASE_STRIP = NO;
				DEBUG_INFORMATION_FORMAT = dwarf;
				ENABLE_STRICT_OBJC_MSGSEND = YES;
				ENABLE_TESTABILITY = YES;
				GCC_C_LANGUAGE_STANDARD = gnu11;
				GCC_DYNAMIC_NO_PIC = NO;
				GCC_NO_COMMON_BLOCKS = YES;
				GCC_OPTIMIZATION_LEVEL = 0;
				GCC_PREPROCESSOR_DEFINITIONS = (
					"DEBUG=1",
					"$(inherited)",
				);
				GCC_WARN_64_TO_32_BIT_CONVERSION = YES;
				GCC_WARN_ABOUT_RETURN_TYPE = YES_ERROR;
				GCC_WARN_UNDECLARED_SELECTOR = YES;
				GCC_WARN_UNINITIALIZED_AUTOS = YES_AGGRESSIVE;
				GCC_WARN_UNUSED_FUNCTION = YES;
				GCC_WARN_UNUSED_VARIABLE = YES;
				IPHONEOS_DEPLOYMENT_TARGET = 13.5;
				MTL_ENABLE_DEBUG_INFO = INCLUDE_SOURCE;
				MTL_FAST_MATH = YES;
				ONLY_ACTIVE_ARCH = YES;
				SDKROOT = iphoneos;
				SWIFT_ACTIVE_COMPILATION_CONDITIONS = DEBUG;
				SWIFT_OPTIMIZATION_LEVEL = "-Onone";
			};
			name = Debug;
		};
		2016375A24978E1E00291257 /* Release */ = {
			isa = XCBuildConfiguration;
			buildSettings = {
				ALWAYS_SEARCH_USER_PATHS = NO;
				CLANG_ANALYZER_NONNULL = YES;
				CLANG_ANALYZER_NUMBER_OBJECT_CONVERSION = YES_AGGRESSIVE;
				CLANG_CXX_LANGUAGE_STANDARD = "gnu++14";
				CLANG_CXX_LIBRARY = "libc++";
				CLANG_ENABLE_MODULES = YES;
				CLANG_ENABLE_OBJC_ARC = YES;
				CLANG_ENABLE_OBJC_WEAK = YES;
				CLANG_WARN_BLOCK_CAPTURE_AUTORELEASING = YES;
				CLANG_WARN_BOOL_CONVERSION = YES;
				CLANG_WARN_COMMA = YES;
				CLANG_WARN_CONSTANT_CONVERSION = YES;
				CLANG_WARN_DEPRECATED_OBJC_IMPLEMENTATIONS = YES;
				CLANG_WARN_DIRECT_OBJC_ISA_USAGE = YES_ERROR;
				CLANG_WARN_DOCUMENTATION_COMMENTS = YES;
				CLANG_WARN_EMPTY_BODY = YES;
				CLANG_WARN_ENUM_CONVERSION = YES;
				CLANG_WARN_INFINITE_RECURSION = YES;
				CLANG_WARN_INT_CONVERSION = YES;
				CLANG_WARN_NON_LITERAL_NULL_CONVERSION = YES;
				CLANG_WARN_OBJC_IMPLICIT_RETAIN_SELF = YES;
				CLANG_WARN_OBJC_LITERAL_CONVERSION = YES;
				CLANG_WARN_OBJC_ROOT_CLASS = YES_ERROR;
				CLANG_WARN_RANGE_LOOP_ANALYSIS = YES;
				CLANG_WARN_STRICT_PROTOTYPES = YES;
				CLANG_WARN_SUSPICIOUS_MOVE = YES;
				CLANG_WARN_UNGUARDED_AVAILABILITY = YES_AGGRESSIVE;
				CLANG_WARN_UNREACHABLE_CODE = YES;
				CLANG_WARN__DUPLICATE_METHOD_MATCH = YES;
				COPY_PHASE_STRIP = NO;
				DEBUG_INFORMATION_FORMAT = "dwarf-with-dsym";
				ENABLE_NS_ASSERTIONS = NO;
				ENABLE_STRICT_OBJC_MSGSEND = YES;
				GCC_C_LANGUAGE_STANDARD = gnu11;
				GCC_NO_COMMON_BLOCKS = YES;
				GCC_WARN_64_TO_32_BIT_CONVERSION = YES;
				GCC_WARN_ABOUT_RETURN_TYPE = YES_ERROR;
				GCC_WARN_UNDECLARED_SELECTOR = YES;
				GCC_WARN_UNINITIALIZED_AUTOS = YES_AGGRESSIVE;
				GCC_WARN_UNUSED_FUNCTION = YES;
				GCC_WARN_UNUSED_VARIABLE = YES;
				IPHONEOS_DEPLOYMENT_TARGET = 13.5;
				MTL_ENABLE_DEBUG_INFO = NO;
				MTL_FAST_MATH = YES;
				SDKROOT = iphoneos;
				SWIFT_COMPILATION_MODE = wholemodule;
				SWIFT_OPTIMIZATION_LEVEL = "-O";
				VALIDATE_PRODUCT = YES;
			};
			name = Release;
		};
		2016375C24978E1E00291257 /* Debug */ = {
			isa = XCBuildConfiguration;
			baseConfigurationReference = F52858C4B38AD322EBD83ABE /* Pods-RxSwiftExample.debug.xcconfig */;
			buildSettings = {
				ASSETCATALOG_COMPILER_APPICON_NAME = AppIcon;
				CODE_SIGN_STYLE = Automatic;
				DEVELOPMENT_TEAM = MYTEAMID;
				INFOPLIST_FILE = RxSwiftExample/Info.plist;
				IPHONEOS_DEPLOYMENT_TARGET = 12.0;
				LD_RUNPATH_SEARCH_PATHS = (
					"$(inherited)",
					"@executable_path/Frameworks",
				);
				PRODUCT_BUNDLE_IDENTIFIER = com.example.RxSwiftExample;
				PRODUCT_NAME = "$(TARGET_NAME)";
				SWIFT_VERSION = 5.0;
				TARGETED_DEVICE_FAMILY = "1,2";
			};
			name = Debug;
		};
		2016375D24978E1E00291257 /* Release */ = {
			isa = XCBuildConfiguration;
			baseConfigurationReference = 0CE06F05DBAF3BB28E9FA3E4 /* Pods-RxSwiftExample.release.xcconfig */;
			buildSettings = {
				ASSETCATALOG_COMPILER_APPICON_NAME = AppIcon;
				CODE_SIGN_STYLE = Automatic;
				DEVELOPMENT_TEAM = MYTEAMID;
				INFOPLIST_FILE = RxSwiftExample/Info.plist;
				IPHONEOS_DEPLOYMENT_TARGET = 12.0;
				LD_RUNPATH_SEARCH_PATHS = (
					"$(inherited)",
					"@executable_path/Frameworks",
				);
				PRODUCT_BUNDLE_IDENTIFIER = com.example.RxSwiftExample;
				PRODUCT_NAME = "$(TARGET_NAME)";
				SWIFT_VERSION = 5.0;
				TARGETED_DEVICE_FAMILY = "1,2";
			};
			name = Release;
		};
		2016375F24978E1E00291257 /* Debug */ = {
			isa = XCBuildConfiguration;
			baseConfigurationReference = DE04DE81E4FF1D5E2F4C85BD /* Pods-RxSwiftExampleTests.debug.xcconfig */;
			buildSettings = {
				ALWAYS_EMBED_SWIFT_STANDARD_LIBRARIES = YES;
				BUNDLE_LOADER = "$(TEST_HOST)";
				CODE_SIGN_STYLE = Automatic;
				DEVELOPMENT_TEAM = MYTEAMID;
				INFOPLIST_FILE = RxSwiftExampleTests/Info.plist;
				IPHONEOS_DEPLOYMENT_TARGET = 13.5;
				LD_RUNPATH_SEARCH_PATHS = (
					"$(inherited)",
					"@executable_path/Frameworks",
					"@loader_path/Frameworks",
				);
				PRODUCT_BUNDLE_IDENTIFIER = com.example.RxSwiftExampleTests;
				PRODUCT_NAME = "$(TARGET_NAME)";
				SWIFT_VERSION = 5.0;
				TARGETED_DEVICE_FAMILY = "1,2";
				TEST_HOST = "$(BUILT_PRODUCTS_DIR)/RxSwiftExample.app/RxSwiftExample";
			};
			name = Debug;
		};
		2016376024978E1E00291257 /* Release */ = {
			isa = XCBuildConfiguration;
			baseConfigurationReference = C10D53B0AB1815C91E0E0EED /* Pods-RxSwiftExampleTests.release.xcconfig */;
			buildSettings = {
				ALWAYS_EMBED_SWIFT_STANDARD_LIBRARIES = YES;
				BUNDLE_LOADER = "$(TEST_HOST)";
				CODE_SIGN_STYLE = Automatic;
				DEVELOPMENT_TEAM = MYTEAMID;
				INFOPLIST_FILE = RxSwiftExampleTests/Info.plist;
				IPHONEOS_DEPLOYMENT_TARGET = 13.5;
				LD_RUNPATH_SEARCH_PATHS = (
					"$(inherited)",
					"@executable_path/Frameworks",
					"@loader_path/Frameworks",
				);
				PRODUCT_BUNDLE_IDENTIFIER = com.example.RxSwiftExampleTests;
				PRODUCT_NAME = "$(TARGET_NAME)";
				SWIFT_VERSION = 5.0;
				TARGETED_DEVICE_FAMILY = "1,2";
				TEST_HOST = "$(BUILT_PRODUCTS_DIR)/RxSwiftExample.app/RxSwiftExample";
			};
			name = Release;
		};
		2016376224978E1E00291257 /* Debug */ = {
			isa = XCBuildConfiguration;
			baseConfigurationReference = 02C7C0589AC25477DA85613B /* Pods-RxSwiftExample-RxSwiftExampleUITests.debug.xcconfig */;
			buildSettings = {
				ALWAYS_EMBED_SWIFT_STANDARD_LIBRARIES = YES;
				CODE_SIGN_STYLE = Automatic;
				DEVELOPMENT_TEAM = MYTEAMID;
				INFOPLIST_FILE = RxSwiftExampleUITests/Info.plist;
				LD_RUNPATH_SEARCH_PATHS = (
					"$(inherited)",
					"@executable_path/Frameworks",
					"@loader_path/Frameworks",
				);
				PRODUCT_BUNDLE_IDENTIFIER = com.example.RxSwiftExampleUITests;
				PRODUCT_NAME = "$(TARGET_NAME)";
				SWIFT_VERSION = 5.0;
				TARGETED_DEVICE_FAMILY = "1,2";
				TEST_TARGET_NAME = RxSwiftExample;
			};
			name = Debug;
		};
		2016376324978E1E00291257 /* Release */ = {
			isa = XCBuildConfiguration;
			baseConfigurationReference = A8B08E569ACC3E00AB042DC1 /* Pods-RxSwiftExample-RxSwiftExampleUITests.release.xcconfig */;
			buildSettings = {
				ALWAYS_EMBED_SWIFT_STANDARD_LIBRARIES = YES;
				CODE_SIGN_STYLE = Automatic;
				DEVELOPMENT_TEAM = MYTEAMID;
				INFOPLIST_FILE = RxSwiftExampleUITests/Info.plist;
				LD_RUNPATH_SEARCH_PATHS = (
					"$(inherited)",
					"@executable_path/Frameworks",
					"@loader_path/Frameworks",
				);
				PRODUCT_BUNDLE_IDENTIFIER = com.example.RxSwiftExampleUITests;
				PRODUCT_NAME = "$(TARGET_NAME)";
				SWIFT_VERSION = 5.0;
				TARGETED_DEVICE_FAMILY = "1,2";
				TEST_TARGET_NAME = RxSwiftExample;
			};
			name = Release;
		};
/* End XCBuildConfiguration section */

/* Begin XCConfigurationList section */
		2016372C24978E1D00291257 /* Build configuration list for PBXProject "RxSwiftExample" */ = {
			isa = XCConfigurationList;
			buildConfigurations = (
				2016375924978E1E00291257 /* Debug */,
				2016375A24978E1E00291257 /* Release */,
			);
			defaultConfigurationIsVisible = 0;
			defaultConfigurationName = Release;
		};
		2016375B24978E1E00291257 /* Build configuration list for PBXNativeTarget "RxSwiftExample" */ = {
			isa = XCConfigurationList;
			buildConfigurations = (
				2016375C24978E1E00291257 /* Debug */,
				2016375D24978E1E00291257 /* Release */,
			);
			defaultConfigurationIsVisible = 0;
			defaultConfigurationName = Release;
		};
		2016375E24978E1E00291257 /* Build configuration list for PBXNativeTarget "RxSwiftExampleTests" */ = {
			isa = XCConfigurationList;
			buildConfigurations = (
				2016375F24978E1E00291257 /* Debug */,
				2016376024978E1E00291257 /* Release */,
			);
			defaultConfigurationIsVisible = 0;
			defaultConfigurationName = Release;
		};
		2016376124978E1E00291257 /* Build configuration list for PBXNativeTarget "RxSwiftExampleUITests" */ = {
			isa = XCConfigurationList;
			buildConfigurations = (
				2016376224978E1E00291257 /* Debug */,
				2016376324978E1E00291257 /* Release */,
			);
			defaultConfigurationIsVisible = 0;
			defaultConfigurationName = Release;
		};
/* End XCConfigurationList section */
	};
	rootObject = 2016372924978E1D00291257 /* Project object */;
}
